PODS:
  - linphone-sdk (5.3.9)
  - shared (2.0)
  - WebRTC-SDK (125.6422.05)

DEPENDENCIES:
  - linphone-sdk (= 5.3.9)
  - shared (from `../shared`)
  - WebRTC-SDK (= 125.6422.05)

SPEC REPOS:
  https://github.com/CocoaPods/Specs.git:
    - WebRTC-SDK
  https://gitlab.linphone.org/BC/public/podspec.git:
    - linphone-sdk

EXTERNAL SOURCES:
  shared:
    :path: "../shared"

SPEC CHECKSUMS:
  linphone-sdk: b87987efbde78be108ccd5171467cc26dd8ac32a
  shared: 14ce8d4cae84b7b640f8a65a7e522149b169a326
  WebRTC-SDK: 1990a1a595bd0b59c17485ce13ff17f575732c12

PODFILE CHECKSUM: 29934fb2378588ccb9f235d3d1d35c4be506f100

COCOAPODS: 1.16.2
