PODS:
  - linphone-sdk (5.4.41)
  - shared (1.0)
  - WebRTC-SDK (125.6422.05)

DEPENDENCIES:
  - linphone-sdk
  - shared (from `../shared`)
  - WebRTC-SDK (= 125.6422.05)

SPEC REPOS:
  https://github.com/CocoaPods/Specs.git:
    - WebRTC-SDK
  https://gitlab.linphone.org/BC/public/podspec.git:
    - linphone-sdk

EXTERNAL SOURCES:
  shared:
    :path: "../shared"

SPEC CHECKSUMS:
  linphone-sdk: 5cd4639546d94dddcb56e91404be4639a4e76d17
  shared: 476f8f613e223c690e3b4311f65291534e4fa034
  WebRTC-SDK: 1990a1a595bd0b59c17485ce13ff17f575732c12

PODFILE CHECKSUM: fb1ba8a7c2af9c18defa1b21b7910f90bfec3eb0

COCOAPODS: 1.16.2
